<?xml version="1.0" encoding="utf-8"?>
<Project ToolsVersion="4.0" xmlns="http://schemas.microsoft.com/developer/msbuild/2003">
  <ItemGroup>
    <Filter Include="Source Files">
      <UniqueIdentifier>{4FC737F1-C7A5-4376-A066-2A32D752A2FF}</UniqueIdentifier>
      <Extensions>cpp;c;cc;cxx;def;odl;idl;hpj;bat;asm;asmx</Extensions>
    </Filter>
    <Filter Include="Header Files">
      <UniqueIdentifier>{93995380-89BD-4b04-88EB-625FBE52EBFB}</UniqueIdentifier>
      <Extensions>h;hh;hpp;hxx;hm;inl;inc;ipp;xsd</Extensions>
    </Filter>
    <Filter Include="Resource Files">
      <UniqueIdentifier>{67DA6AB6-F800-4c08-8B7A-83BB121AAD01}</UniqueIdentifier>
      <Extensions>rc;ico;cur;bmp;dlg;rc2;rct;bin;rgs;gif;jpg;jpeg;jpe;resx;tiff;tif;png;wav;mfcribbon-ms</Extensions>
    </Filter>
    <Filter Include="Header Files\Map">
      <UniqueIdentifier>{5912076b-7da2-421c-a588-8f00039528d5}</UniqueIdentifier>
    </Filter>
    <Filter Include="Source Files\Map">
      <UniqueIdentifier>{a6333551-d9b2-4681-b031-73d5abc17a10}</UniqueIdentifier>
    </Filter>
    <Filter Include="Source Files\Util">
      <UniqueIdentifier>{e93c8b0e-9338-40f7-9369-b329b25760cb}</UniqueIdentifier>
    </Filter>
    <Filter Include="Source Files\Map\MapSpecificOverrides">
      <UniqueIdentifier>{7757f118-4e28-4b97-ac4b-e5855b6dad7d}</UniqueIdentifier>
    </Filter>
    <Filter Include="Header Files\Map\MapSpecificOverrides">
      <UniqueIdentifier>{aa79f781-6594-4e43-bc39-357358308c00}</UniqueIdentifier>
    </Filter>
    <Filter Include="Header Files\Util">
      <UniqueIdentifier>{2b725ecf-8bac-434c-b4d3-db59a4b6e4fb}</UniqueIdentifier>
    </Filter>
    <Filter Include="Header Files\Units">
      <UniqueIdentifier>{02b4b817-b408-4dde-bfe5-7cdfc831c8dc}</UniqueIdentifier>
    </Filter>
    <Filter Include="Header Files\Builder">
      <UniqueIdentifier>{10fe2e23-520c-4ace-ae0a-1390cae5d78d}</UniqueIdentifier>
    </Filter>
    <Filter Include="Source Files\Builder">
      <UniqueIdentifier>{6cbf1095-5462-42bb-b852-371d312b31f4}</UniqueIdentifier>
    </Filter>
    <Filter Include="Header Files\Strategist">
      <UniqueIdentifier>{cc147d9b-e0cd-4199-b059-4386ce4b4b0a}</UniqueIdentifier>
    </Filter>
    <Filter Include="Source Files\Strategist">
      <UniqueIdentifier>{81a01c07-74a1-466d-961e-8283c62f23c1}</UniqueIdentifier>
    </Filter>
    <Filter Include="Header Files\Strategist\Openings">
      <UniqueIdentifier>{c45bb9f1-c282-4699-a261-2146d85fc9d8}</UniqueIdentifier>
    </Filter>
    <Filter Include="Header Files\Strategist\ProductionGoals">
      <UniqueIdentifier>{6d41d206-02ed-4915-b2c9-02c62ceaaab1}</UniqueIdentifier>
    </Filter>
    <Filter Include="Source Files\Strategist\ProductionGoals">
      <UniqueIdentifier>{3220f13d-2628-4b5b-8692-59e54bb4b2fa}</UniqueIdentifier>
    </Filter>
    <Filter Include="Source Files\Units">
      <UniqueIdentifier>{df511c0d-261e-4a83-9759-1ef5da1590cb}</UniqueIdentifier>
    </Filter>
  </ItemGroup>
  <ItemGroup>
    <ClCompile Include="..\..\Locutus\LocutusAIModule.cpp">
      <Filter>Source Files</Filter>
    </ClCompile>
    <ClCompile Include="..\..\Locutus\Dll.cpp">
      <Filter>Source Files</Filter>
    </ClCompile>
    <ClCompile Include="..\..\Locutus\Log.cpp">
      <Filter>Source Files</Filter>
    </ClCompile>
    <ClCompile Include="..\..\Locutus\Opponent.cpp">
      <Filter>Source Files</Filter>
    </ClCompile>
    <ClCompile Include="..\..\Locutus\Map.cpp">
      <Filter>Source Files\Map</Filter>
    </ClCompile>
    <ClCompile Include="..\..\Locutus\Base.cpp">
      <Filter>Source Files\Map</Filter>
    </ClCompile>
    <ClCompile Include="..\..\Locutus\Geo.cpp">
      <Filter>Source Files\Util</Filter>
    </ClCompile>
    <ClCompile Include="..\..\Locutus\Choke.cpp">
      <Filter>Source Files\Map</Filter>
    </ClCompile>
    <ClCompile Include="..\..\Locutus\Plasma.cpp">
      <Filter>Source Files\Map\MapSpecificOverrides</Filter>
    </ClCompile>
    <ClCompile Include="..\..\Locutus\Fortress.cpp">
      <Filter>Source Files\Map\MapSpecificOverrides</Filter>
    </ClCompile>
    <ClCompile Include="..\..\Locutus\PathFinding.cpp">
      <Filter>Source Files\Map</Filter>
    </ClCompile>
    <ClCompile Include="..\..\Locutus\Workers.cpp">
      <Filter>Source Files</Filter>
    </ClCompile>
    <ClCompile Include="..\..\Locutus\UnitUtil.cpp">
      <Filter>Source Files\Util</Filter>
    </ClCompile>
    <ClCompile Include="..\..\Locutus\Units.cpp">
      <Filter>Source Files\Units</Filter>
    </ClCompile>
    <ClCompile Include="..\..\Locutus\EnemyUnit.cpp">
      <Filter>Source Files\Units</Filter>
    </ClCompile>
    <ClCompile Include="..\..\Locutus\MyUnit.cpp">
      <Filter>Source Files\Units</Filter>
    </ClCompile>
    <ClCompile Include="..\..\Locutus\BuildingPlacement.cpp">
      <Filter>Source Files\Builder</Filter>
    </ClCompile>
    <ClCompile Include="..\..\Locutus\Building.cpp">
      <Filter>Source Files\Builder</Filter>
    </ClCompile>
    <ClCompile Include="..\..\Locutus\Builder.cpp">
      <Filter>Source Files\Builder</Filter>
    </ClCompile>
    <ClCompile Include="..\..\Locutus\Strategist.cpp">
      <Filter>Source Files\Strategist</Filter>
    </ClCompile>
    <ClCompile Include="..\..\Locutus\Producer.cpp">
      <Filter>Source Files</Filter>
    </ClCompile>
    <ClCompile Include="..\..\Locutus\ContinuousWorkerProduction.cpp">
      <Filter>Source Files\Strategist\ProductionGoals</Filter>
    </ClCompile>
  </ItemGroup>
  <ItemGroup>
    <ClInclude Include="..\..\Locutus\LocutusAIModule.h">
      <Filter>Header Files</Filter>
    </ClInclude>
    <ClInclude Include="..\..\Locutus\Log.h">
      <Filter>Header Files</Filter>
    </ClInclude>
    <ClInclude Include="..\..\Locutus\Common.h">
      <Filter>Header Files</Filter>
    </ClInclude>
    <ClInclude Include="..\..\Locutus\Opponent.h">
      <Filter>Header Files</Filter>
    </ClInclude>
    <ClInclude Include="..\..\Locutus\Map.h">
      <Filter>Header Files\Map</Filter>
    </ClInclude>
    <ClInclude Include="..\..\Locutus\Base.h">
      <Filter>Header Files\Map</Filter>
    </ClInclude>
    <ClInclude Include="..\..\Locutus\Geo.h">
      <Filter>Header Files\Util</Filter>
    </ClInclude>
    <ClInclude Include="..\..\Locutus\Choke.h">
      <Filter>Header Files\Map</Filter>
    </ClInclude>
    <ClInclude Include="..\..\Locutus\MapSpecificOverride.h">
      <Filter>Header Files\Map</Filter>
    </ClInclude>
    <ClInclude Include="..\..\Locutus\Plasma.h">
      <Filter>Header Files\Map\MapSpecificOverrides</Filter>
    </ClInclude>
    <ClInclude Include="..\..\Locutus\Fortress.h">
      <Filter>Header Files\Map\MapSpecificOverrides</Filter>
    </ClInclude>
    <ClInclude Include="..\..\Locutus\PathFinding.h">
      <Filter>Header Files\Map</Filter>
    </ClInclude>
    <ClInclude Include="..\..\Locutus\Workers.h">
      <Filter>Header Files</Filter>
    </ClInclude>
    <ClInclude Include="..\..\Locutus\Units.h">
      <Filter>Header Files\Units</Filter>
    </ClInclude>
    <ClInclude Include="..\..\Locutus\UnitUtil.h">
      <Filter>Header Files\Util</Filter>
    </ClInclude>
    <ClInclude Include="..\..\Locutus\EnemyUnit.h">
      <Filter>Header Files\Units</Filter>
    </ClInclude>
    <ClInclude Include="..\..\Locutus\MyUnit.h">
      <Filter>Header Files\Units</Filter>
    </ClInclude>
    <ClInclude Include="..\..\Locutus\BuildingPlacement.h">
      <Filter>Header Files\Builder</Filter>
    </ClInclude>
    <ClInclude Include="..\..\Locutus\Building.h">
      <Filter>Header Files\Builder</Filter>
    </ClInclude>
    <ClInclude Include="..\..\Locutus\Builder.h">
      <Filter>Header Files\Builder</Filter>
    </ClInclude>
    <ClInclude Include="..\..\Locutus\Strategist.h">
      <Filter>Header Files\Strategist</Filter>
    </ClInclude>
    <ClInclude Include="..\..\Locutus\ProductionGoal.h">
      <Filter>Header Files\Strategist</Filter>
    </ClInclude>
    <ClInclude Include="..\..\Locutus\Opening.h">
      <Filter>Header Files\Strategist</Filter>
    </ClInclude>
    <ClInclude Include="..\..\Locutus\Zealots.h">
      <Filter>Header Files\Strategist\Openings</Filter>
    </ClInclude>
    <ClInclude Include="..\..\Locutus\Producer.h">
      <Filter>Header Files</Filter>
    </ClInclude>
    <ClInclude Include="..\..\Locutus\ContinuousProduction.h">
      <Filter>Header Files\Strategist\ProductionGoals</Filter>
    </ClInclude>
    <ClInclude Include="..\..\Locutus\ContinuousWorkerProduction.h">
      <Filter>Header Files\Strategist\ProductionGoals</Filter>
    </ClInclude>
    <ClInclude Include="..\..\Locutus\Dragoons.h">
      <Filter>Header Files\Strategist\Openings</Filter>
    </ClInclude>
  </ItemGroup>
</Project>